
Microsoft Visual Studio Solution File, Format Version 12.00
# Visual Studio Version 16
VisualStudioVersion = 16.0.31129.286
MinimumVisualStudioVersion = 10.0.40219.1
Project("{FAE04EC0-301F-11D3-BF4B-00C04F79EFBC}") = "PooPessoa", "PooPessoa\PooPessoa.csproj", "{3B49EFD5-DE3C-4183-8D03-4EEF42047B7B}"
EndProject
Global
	GlobalSection(SolutionConfigurationPlatforms) = preSolution
		Debug|Any CPU = Debug|Any CPU
		Release|Any CPU = Release|Any CPU
	EndGlobalSection
	GlobalSection(ProjectConfigurationPlatforms) = postSolution
		{3B49EFD5-DE3C-4183-8D03-4EEF42047B7B}.Debug|Any CPU.ActiveCfg = Debug|Any CPU
		{3B49EFD5-DE3C-4183-8D03-4EEF42047B7B}.Debug|Any CPU.Build.0 = Debug|Any CPU
		{3B49EFD5-DE3C-4183-8D03-4EEF42047B7B}.Release|Any CPU.ActiveCfg = Release|Any CPU
		{3B49EFD5-DE3C-4183-8D03-4EEF42047B7B}.Release|Any CPU.Build.0 = Release|Any CPU
	EndGlobalSection
	GlobalSection(SolutionProperties) = preSolution
		HideSolutionNode = FALSE
	EndGlobalSection
	GlobalSection(ExtensibilityGlobals) = postSolution
		SolutionGuid = {B726E931-B719-4297-A17D-6D79B292C49C}
	EndGlobalSection
EndGlobal
